
Microsoft Visual Studio Solution File, Format Version 12.00
# Visual Studio Version 17
VisualStudioVersion = 17.3.32901.215
MinimumVisualStudioVersion = 10.0.40219.1
Project("{FAE04EC0-301F-11D3-BF4B-00C04F79EFBC}") = "belge durum-826", "belge durum-826\belge durum-826.csproj", "{C75FEE64-0342-405C-AD0E-97EC2F83D3D4}"
EndProject
Global
	GlobalSection(SolutionConfigurationPlatforms) = preSolution
		Debug|Any CPU = Debug|Any CPU
		Release|Any CPU = Release|Any CPU
	EndGlobalSection
	GlobalSection(ProjectConfigurationPlatforms) = postSolution
		{C75FEE64-0342-405C-AD0E-97EC2F83D3D4}.Debug|Any CPU.ActiveCfg = Debug|Any CPU
		{C75FEE64-0342-405C-AD0E-97EC2F83D3D4}.Debug|Any CPU.Build.0 = Debug|Any CPU
		{C75FEE64-0342-405C-AD0E-97EC2F83D3D4}.Release|Any CPU.ActiveCfg = Release|Any CPU
		{C75FEE64-0342-405C-AD0E-97EC2F83D3D4}.Release|Any CPU.Build.0 = Release|Any CPU
	EndGlobalSection
	GlobalSection(SolutionProperties) = preSolution
		HideSolutionNode = FALSE
	EndGlobalSection
	GlobalSection(ExtensibilityGlobals) = postSolution
		SolutionGuid = {D841FE00-2E53-46A7-A711-1A744F35087F}
	EndGlobalSection
EndGlobal
